# This file was autogenerated by Stack.
# You should not edit this file by hand.
# For more information, please see the documentation at:
#   https://docs.haskellstack.org/en/stable/lock_files

snapshots:
- original:
    url: https://raw.githubusercontent.com/commercialhaskell/stackage-snapshots/master/lts/18/10.yaml
  completed:
    sha256: 88b4f81e162ba3adc230a9fcccc4d19ac116377656bab56c7382ca88598b257a
    url: https://raw.githubusercontent.com/commercialhaskell/stackage-snapshots/master/lts/18/10.yaml
    size: 587546
packages:
- original:
    hackage: MissingH-1.4.0.1
  completed:
    pantry-tree:
      sha256: e22cfa86e50eb32d17a25f18f72c25b9d4eebda3f9230234c6e4ff63e4325533
      size: 5697
    hackage: MissingH-1.4.0.1@sha256:2b8b4ba83763abe4de7665fa57f24ff6473b9bb2374a74535d25637199fa1937,4688
